// !$*UTF8*$!
{
	archiveVersion = 1;
	classes = {
	};
	objectVersion = 56;
	objects = {

/* Begin PBXBuildFile section */
		22E2F36E298C480B00E86E12 /* RMLocation.swift in Sources */ = {isa = PBXBuildFile; fileRef = 22E2F36D298C480B00E86E12 /* RMLocation.swift */; };
		22E2F371298C483F00E86E12 /* RMEpisode.swift in Sources */ = {isa = PBXBuildFile; fileRef = 22E2F370298C483F00E86E12 /* RMEpisode.swift */; };
		22E2F373298C484D00E86E12 /* RMCharacter.swift in Sources */ = {isa = PBXBuildFile; fileRef = 22E2F372298C484D00E86E12 /* RMCharacter.swift */; };
		22E2F378298C49E300E86E12 /* RMCharacterViewController.swift in Sources */ = {isa = PBXBuildFile; fileRef = 22E2F377298C49E300E86E12 /* RMCharacterViewController.swift */; };
		22E2F37A298C4A0B00E86E12 /* RMLocationViewController.swift in Sources */ = {isa = PBXBuildFile; fileRef = 22E2F379298C4A0B00E86E12 /* RMLocationViewController.swift */; };
		22E2F37C298C4A1C00E86E12 /* RMEpisodeViewController.swift in Sources */ = {isa = PBXBuildFile; fileRef = 22E2F37B298C4A1C00E86E12 /* RMEpisodeViewController.swift */; };
		22E2F37E298C4A3C00E86E12 /* RMSettingsViewController.swift in Sources */ = {isa = PBXBuildFile; fileRef = 22E2F37D298C4A3C00E86E12 /* RMSettingsViewController.swift */; };
		22E2F380298C597A00E86E12 /* RMService.swift in Sources */ = {isa = PBXBuildFile; fileRef = 22E2F37F298C597A00E86E12 /* RMService.swift */; };
		22E2F382298C59CE00E86E12 /* RMRequest.swift in Sources */ = {isa = PBXBuildFile; fileRef = 22E2F381298C59CE00E86E12 /* RMRequest.swift */; };
		22E2F384298C5B7F00E86E12 /* RMEndpoint.swift in Sources */ = {isa = PBXBuildFile; fileRef = 22E2F383298C5B7F00E86E12 /* RMEndpoint.swift */; };
		22FD09C8298C30CA0020F22D /* AppDelegate.swift in Sources */ = {isa = PBXBuildFile; fileRef = 22FD09C7298C30CA0020F22D /* AppDelegate.swift */; };
		22FD09CA298C30CA0020F22D /* SceneDelegate.swift in Sources */ = {isa = PBXBuildFile; fileRef = 22FD09C9298C30CA0020F22D /* SceneDelegate.swift */; };
		22FD09CC298C30CA0020F22D /* RMTabBarController.swift in Sources */ = {isa = PBXBuildFile; fileRef = 22FD09CB298C30CA0020F22D /* RMTabBarController.swift */; };
		22FD09D1298C30CC0020F22D /* Assets.xcassets in Resources */ = {isa = PBXBuildFile; fileRef = 22FD09D0298C30CC0020F22D /* Assets.xcassets */; };
		22FD09D4298C30CC0020F22D /* LaunchScreen.storyboard in Resources */ = {isa = PBXBuildFile; fileRef = 22FD09D2298C30CC0020F22D /* LaunchScreen.storyboard */; };
/* End PBXBuildFile section */

/* Begin PBXFileReference section */
		22E2F36D298C480B00E86E12 /* RMLocation.swift */ = {isa = PBXFileReference; lastKnownFileType = sourcecode.swift; path = RMLocation.swift; sourceTree = "<group>"; };
		22E2F370298C483F00E86E12 /* RMEpisode.swift */ = {isa = PBXFileReference; lastKnownFileType = sourcecode.swift; path = RMEpisode.swift; sourceTree = "<group>"; };
		22E2F372298C484D00E86E12 /* RMCharacter.swift */ = {isa = PBXFileReference; lastKnownFileType = sourcecode.swift; path = RMCharacter.swift; sourceTree = "<group>"; };
		22E2F377298C49E300E86E12 /* RMCharacterViewController.swift */ = {isa = PBXFileReference; lastKnownFileType = sourcecode.swift; path = RMCharacterViewController.swift; sourceTree = "<group>"; };
		22E2F379298C4A0B00E86E12 /* RMLocationViewController.swift */ = {isa = PBXFileReference; lastKnownFileType = sourcecode.swift; path = RMLocationViewController.swift; sourceTree = "<group>"; };
		22E2F37B298C4A1C00E86E12 /* RMEpisodeViewController.swift */ = {isa = PBXFileReference; lastKnownFileType = sourcecode.swift; path = RMEpisodeViewController.swift; sourceTree = "<group>"; };
		22E2F37D298C4A3C00E86E12 /* RMSettingsViewController.swift */ = {isa = PBXFileReference; lastKnownFileType = sourcecode.swift; path = RMSettingsViewController.swift; sourceTree = "<group>"; };
		22E2F37F298C597A00E86E12 /* RMService.swift */ = {isa = PBXFileReference; lastKnownFileType = sourcecode.swift; path = RMService.swift; sourceTree = "<group>"; };
		22E2F381298C59CE00E86E12 /* RMRequest.swift */ = {isa = PBXFileReference; lastKnownFileType = sourcecode.swift; path = RMRequest.swift; sourceTree = "<group>"; };
		22E2F383298C5B7F00E86E12 /* RMEndpoint.swift */ = {isa = PBXFileReference; lastKnownFileType = sourcecode.swift; path = RMEndpoint.swift; sourceTree = "<group>"; };
		22FD09C4298C30CA0020F22D /* RickAndMorty.app */ = {isa = PBXFileReference; explicitFileType = wrapper.application; includeInIndex = 0; path = RickAndMorty.app; sourceTree = BUILT_PRODUCTS_DIR; };
		22FD09C7298C30CA0020F22D /* AppDelegate.swift */ = {isa = PBXFileReference; lastKnownFileType = sourcecode.swift; path = AppDelegate.swift; sourceTree = "<group>"; };
		22FD09C9298C30CA0020F22D /* SceneDelegate.swift */ = {isa = PBXFileReference; lastKnownFileType = sourcecode.swift; path = SceneDelegate.swift; sourceTree = "<group>"; };
		22FD09CB298C30CA0020F22D /* RMTabBarController.swift */ = {isa = PBXFileReference; lastKnownFileType = sourcecode.swift; path = RMTabBarController.swift; sourceTree = "<group>"; };
		22FD09D0298C30CC0020F22D /* Assets.xcassets */ = {isa = PBXFileReference; lastKnownFileType = folder.assetcatalog; path = Assets.xcassets; sourceTree = "<group>"; };
		22FD09D3298C30CC0020F22D /* Base */ = {isa = PBXFileReference; lastKnownFileType = file.storyboard; name = Base; path = Base.lproj/LaunchScreen.storyboard; sourceTree = "<group>"; };
		22FD09D5298C30CC0020F22D /* Info.plist */ = {isa = PBXFileReference; lastKnownFileType = text.plist.xml; path = Info.plist; sourceTree = "<group>"; };
/* End PBXFileReference section */

/* Begin PBXFrameworksBuildPhase section */
		22FD09C1298C30CA0020F22D /* Frameworks */ = {
			isa = PBXFrameworksBuildPhase;
			buildActionMask = 2147483647;
			files = (
			);
			runOnlyForDeploymentPostprocessing = 0;
		};
/* End PBXFrameworksBuildPhase section */

/* Begin PBXGroup section */
		22E2F366298C465900E86E12 /* Controllers */ = {
			isa = PBXGroup;
			children = (
				22E2F374298C491B00E86E12 /* Core */,
			);
			path = Controllers;
			sourceTree = "<group>";
		};
		22E2F367298C466700E86E12 /* Models */ = {
			isa = PBXGroup;
			children = (
				22E2F36D298C480B00E86E12 /* RMLocation.swift */,
				22E2F370298C483F00E86E12 /* RMEpisode.swift */,
				22E2F372298C484D00E86E12 /* RMCharacter.swift */,
			);
			path = Models;
			sourceTree = "<group>";
		};
		22E2F368298C467600E86E12 /* Views */ = {
			isa = PBXGroup;
			children = (
			);
			path = Views;
			sourceTree = "<group>";
		};
		22E2F369298C468500E86E12 /* ViewModels */ = {
			isa = PBXGroup;
			children = (
			);
			path = ViewModels;
			sourceTree = "<group>";
		};
		22E2F36A298C46AD00E86E12 /* APIClient */ = {
			isa = PBXGroup;
			children = (
				22E2F37F298C597A00E86E12 /* RMService.swift */,
				22E2F381298C59CE00E86E12 /* RMRequest.swift */,
				22E2F383298C5B7F00E86E12 /* RMEndpoint.swift */,
			);
			path = APIClient;
			sourceTree = "<group>";
		};
		22E2F36B298C46C000E86E12 /* Managers */ = {
			isa = PBXGroup;
			children = (
			);
			path = Managers;
			sourceTree = "<group>";
		};
		22E2F36C298C46D700E86E12 /* Resources */ = {
			isa = PBXGroup;
			children = (
				22FD09D0298C30CC0020F22D /* Assets.xcassets */,
				22FD09D2298C30CC0020F22D /* LaunchScreen.storyboard */,
				22FD09C7298C30CA0020F22D /* AppDelegate.swift */,
				22FD09C9298C30CA0020F22D /* SceneDelegate.swift */,
			);
			path = Resources;
			sourceTree = "<group>";
		};
		22E2F374298C491B00E86E12 /* Core */ = {
			isa = PBXGroup;
			children = (
				22FD09CB298C30CA0020F22D /* RMTabBarController.swift */,
				22E2F377298C49E300E86E12 /* RMCharacterViewController.swift */,
				22E2F379298C4A0B00E86E12 /* RMLocationViewController.swift */,
				22E2F37B298C4A1C00E86E12 /* RMEpisodeViewController.swift */,
				22E2F37D298C4A3C00E86E12 /* RMSettingsViewController.swift */,
			);
			path = Core;
			sourceTree = "<group>";
		};
		22FD09BB298C30CA0020F22D = {
			isa = PBXGroup;
			children = (
				22FD09C6298C30CA0020F22D /* RickAndMorty */,
				22FD09C5298C30CA0020F22D /* Products */,
			);
			sourceTree = "<group>";
		};
		22FD09C5298C30CA0020F22D /* Products */ = {
			isa = PBXGroup;
			children = (
				22FD09C4298C30CA0020F22D /* RickAndMorty.app */,
			);
			name = Products;
			sourceTree = "<group>";
		};
		22FD09C6298C30CA0020F22D /* RickAndMorty */ = {
			isa = PBXGroup;
			children = (
				22E2F36C298C46D700E86E12 /* Resources */,
				22E2F36B298C46C000E86E12 /* Managers */,
				22E2F36A298C46AD00E86E12 /* APIClient */,
				22E2F369298C468500E86E12 /* ViewModels */,
				22E2F368298C467600E86E12 /* Views */,
				22E2F367298C466700E86E12 /* Models */,
				22E2F366298C465900E86E12 /* Controllers */,
				22FD09D5298C30CC0020F22D /* Info.plist */,
			);
			path = RickAndMorty;
			sourceTree = "<group>";
		};
/* End PBXGroup section */

/* Begin PBXNativeTarget section */
		22FD09C3298C30CA0020F22D /* RickAndMorty */ = {
			isa = PBXNativeTarget;
			buildConfigurationList = 22FD09D8298C30CC0020F22D /* Build configuration list for PBXNativeTarget "RickAndMorty" */;
			buildPhases = (
				22FD09C0298C30CA0020F22D /* Sources */,
				22FD09C1298C30CA0020F22D /* Frameworks */,
				22FD09C2298C30CA0020F22D /* Resources */,
			);
			buildRules = (
			);
			dependencies = (
			);
			name = RickAndMorty;
			productName = RickAndMorty;
			productReference = 22FD09C4298C30CA0020F22D /* RickAndMorty.app */;
			productType = "com.apple.product-type.application";
		};
/* End PBXNativeTarget section */

/* Begin PBXProject section */
		22FD09BC298C30CA0020F22D /* Project object */ = {
			isa = PBXProject;
			attributes = {
				BuildIndependentTargetsInParallel = 1;
				LastSwiftUpdateCheck = 1410;
				LastUpgradeCheck = 1410;
				TargetAttributes = {
					22FD09C3298C30CA0020F22D = {
						CreatedOnToolsVersion = 14.1;
					};
				};
			};
			buildConfigurationList = 22FD09BF298C30CA0020F22D /* Build configuration list for PBXProject "RickAndMorty" */;
			compatibilityVersion = "Xcode 14.0";
			developmentRegion = en;
			hasScannedForEncodings = 0;
			knownRegions = (
				en,
				Base,
			);
			mainGroup = 22FD09BB298C30CA0020F22D;
			productRefGroup = 22FD09C5298C30CA0020F22D /* Products */;
			projectDirPath = "";
			projectRoot = "";
			targets = (
				22FD09C3298C30CA0020F22D /* RickAndMorty */,
			);
		};
/* End PBXProject section */

/* Begin PBXResourcesBuildPhase section */
		22FD09C2298C30CA0020F22D /* Resources */ = {
			isa = PBXResourcesBuildPhase;
			buildActionMask = 2147483647;
			files = (
				22FD09D4298C30CC0020F22D /* LaunchScreen.storyboard in Resources */,
				22FD09D1298C30CC0020F22D /* Assets.xcassets in Resources */,
			);
			runOnlyForDeploymentPostprocessing = 0;
		};
/* End PBXResourcesBuildPhase section */

/* Begin PBXSourcesBuildPhase section */
		22FD09C0298C30CA0020F22D /* Sources */ = {
			isa = PBXSourcesBuildPhase;
			buildActionMask = 2147483647;
			files = (
				22E2F37A298C4A0B00E86E12 /* RMLocationViewController.swift in Sources */,
				22E2F373298C484D00E86E12 /* RMCharacter.swift in Sources */,
				22FD09CC298C30CA0020F22D /* RMTabBarController.swift in Sources */,
				22E2F37C298C4A1C00E86E12 /* RMEpisodeViewController.swift in Sources */,
				22FD09C8298C30CA0020F22D /* AppDelegate.swift in Sources */,
				22E2F371298C483F00E86E12 /* RMEpisode.swift in Sources */,
				22E2F37E298C4A3C00E86E12 /* RMSettingsViewController.swift in Sources */,
				22E2F380298C597A00E86E12 /* RMService.swift in Sources */,
				22FD09CA298C30CA0020F22D /* SceneDelegate.swift in Sources */,
				22E2F384298C5B7F00E86E12 /* RMEndpoint.swift in Sources */,
				22E2F36E298C480B00E86E12 /* RMLocation.swift in Sources */,
				22E2F382298C59CE00E86E12 /* RMRequest.swift in Sources */,
				22E2F378298C49E300E86E12 /* RMCharacterViewController.swift in Sources */,
			);
			runOnlyForDeploymentPostprocessing = 0;
		};
/* End PBXSourcesBuildPhase section */

/* Begin PBXVariantGroup section */
		22FD09D2298C30CC0020F22D /* LaunchScreen.storyboard */ = {
			isa = PBXVariantGroup;
			children = (
				22FD09D3298C30CC0020F22D /* Base */,
			);
			name = LaunchScreen.storyboard;
			sourceTree = "<group>";
		};
/* End PBXVariantGroup section */

/* Begin XCBuildConfiguration section */
		22FD09D6298C30CC0020F22D /* Debug */ = {
			isa = XCBuildConfiguration;
			buildSettings = {
				ALWAYS_SEARCH_USER_PATHS = NO;
				CLANG_ANALYZER_NONNULL = YES;
				CLANG_ANALYZER_NUMBER_OBJECT_CONVERSION = YES_AGGRESSIVE;
				CLANG_CXX_LANGUAGE_STANDARD = "gnu++20";
				CLANG_ENABLE_MODULES = YES;
				CLANG_ENABLE_OBJC_ARC = YES;
				CLANG_ENABLE_OBJC_WEAK = YES;
				CLANG_WARN_BLOCK_CAPTURE_AUTORELEASING = YES;
				CLANG_WARN_BOOL_CONVERSION = YES;
				CLANG_WARN_COMMA = YES;
				CLANG_WARN_CONSTANT_CONVERSION = YES;
				CLANG_WARN_DEPRECATED_OBJC_IMPLEMENTATIONS = YES;
				CLANG_WARN_DIRECT_OBJC_ISA_USAGE = YES_ERROR;
				CLANG_WARN_DOCUMENTATION_COMMENTS = YES;
				CLANG_WARN_EMPTY_BODY = YES;
				CLANG_WARN_ENUM_CONVERSION = YES;
				CLANG_WARN_INFINITE_RECURSION = YES;
				CLANG_WARN_INT_CONVERSION = YES;
				CLANG_WARN_NON_LITERAL_NULL_CONVERSION = YES;
				CLANG_WARN_OBJC_IMPLICIT_RETAIN_SELF = YES;
				CLANG_WARN_OBJC_LITERAL_CONVERSION = YES;
				CLANG_WARN_OBJC_ROOT_CLASS = YES_ERROR;
				CLANG_WARN_QUOTED_INCLUDE_IN_FRAMEWORK_HEADER = YES;
				CLANG_WARN_RANGE_LOOP_ANALYSIS = YES;
				CLANG_WARN_STRICT_PROTOTYPES = YES;
				CLANG_WARN_SUSPICIOUS_MOVE = YES;
				CLANG_WARN_UNGUARDED_AVAILABILITY = YES_AGGRESSIVE;
				CLANG_WARN_UNREACHABLE_CODE = YES;
				CLANG_WARN__DUPLICATE_METHOD_MATCH = YES;
				COPY_PHASE_STRIP = NO;
				DEBUG_INFORMATION_FORMAT = dwarf;
				ENABLE_STRICT_OBJC_MSGSEND = YES;
				ENABLE_TESTABILITY = YES;
				GCC_C_LANGUAGE_STANDARD = gnu11;
				GCC_DYNAMIC_NO_PIC = NO;
				GCC_NO_COMMON_BLOCKS = YES;
				GCC_OPTIMIZATION_LEVEL = 0;
				GCC_PREPROCESSOR_DEFINITIONS = (
					"DEBUG=1",
					"$(inherited)",
				);
				GCC_WARN_64_TO_32_BIT_CONVERSION = YES;
				GCC_WARN_ABOUT_RETURN_TYPE = YES_ERROR;
				GCC_WARN_UNDECLARED_SELECTOR = YES;
				GCC_WARN_UNINITIALIZED_AUTOS = YES_AGGRESSIVE;
				GCC_WARN_UNUSED_FUNCTION = YES;
				GCC_WARN_UNUSED_VARIABLE = YES;
				IPHONEOS_DEPLOYMENT_TARGET = 16.1;
				MTL_ENABLE_DEBUG_INFO = INCLUDE_SOURCE;
				MTL_FAST_MATH = YES;
				ONLY_ACTIVE_ARCH = YES;
				SDKROOT = iphoneos;
				SWIFT_ACTIVE_COMPILATION_CONDITIONS = DEBUG;
				SWIFT_OPTIMIZATION_LEVEL = "-Onone";
			};
			name = Debug;
		};
		22FD09D7298C30CC0020F22D /* Release */ = {
			isa = XCBuildConfiguration;
			buildSettings = {
				ALWAYS_SEARCH_USER_PATHS = NO;
				CLANG_ANALYZER_NONNULL = YES;
				CLANG_ANALYZER_NUMBER_OBJECT_CONVERSION = YES_AGGRESSIVE;
				CLANG_CXX_LANGUAGE_STANDARD = "gnu++20";
				CLANG_ENABLE_MODULES = YES;
				CLANG_ENABLE_OBJC_ARC = YES;
				CLANG_ENABLE_OBJC_WEAK = YES;
				CLANG_WARN_BLOCK_CAPTURE_AUTORELEASING = YES;
				CLANG_WARN_BOOL_CONVERSION = YES;
				CLANG_WARN_COMMA = YES;
				CLANG_WARN_CONSTANT_CONVERSION = YES;
				CLANG_WARN_DEPRECATED_OBJC_IMPLEMENTATIONS = YES;
				CLANG_WARN_DIRECT_OBJC_ISA_USAGE = YES_ERROR;
				CLANG_WARN_DOCUMENTATION_COMMENTS = YES;
				CLANG_WARN_EMPTY_BODY = YES;
				CLANG_WARN_ENUM_CONVERSION = YES;
				CLANG_WARN_INFINITE_RECURSION = YES;
				CLANG_WARN_INT_CONVERSION = YES;
				CLANG_WARN_NON_LITERAL_NULL_CONVERSION = YES;
				CLANG_WARN_OBJC_IMPLICIT_RETAIN_SELF = YES;
				CLANG_WARN_OBJC_LITERAL_CONVERSION = YES;
				CLANG_WARN_OBJC_ROOT_CLASS = YES_ERROR;
				CLANG_WARN_QUOTED_INCLUDE_IN_FRAMEWORK_HEADER = YES;
				CLANG_WARN_RANGE_LOOP_ANALYSIS = YES;
				CLANG_WARN_STRICT_PROTOTYPES = YES;
				CLANG_WARN_SUSPICIOUS_MOVE = YES;
				CLANG_WARN_UNGUARDED_AVAILABILITY = YES_AGGRESSIVE;
				CLANG_WARN_UNREACHABLE_CODE = YES;
				CLANG_WARN__DUPLICATE_METHOD_MATCH = YES;
				COPY_PHASE_STRIP = NO;
				DEBUG_INFORMATION_FORMAT = "dwarf-with-dsym";
				ENABLE_NS_ASSERTIONS = NO;
				ENABLE_STRICT_OBJC_MSGSEND = YES;
				GCC_C_LANGUAGE_STANDARD = gnu11;
				GCC_NO_COMMON_BLOCKS = YES;
				GCC_WARN_64_TO_32_BIT_CONVERSION = YES;
				GCC_WARN_ABOUT_RETURN_TYPE = YES_ERROR;
				GCC_WARN_UNDECLARED_SELECTOR = YES;
				GCC_WARN_UNINITIALIZED_AUTOS = YES_AGGRESSIVE;
				GCC_WARN_UNUSED_FUNCTION = YES;
				GCC_WARN_UNUSED_VARIABLE = YES;
				IPHONEOS_DEPLOYMENT_TARGET = 16.1;
				MTL_ENABLE_DEBUG_INFO = NO;
				MTL_FAST_MATH = YES;
				SDKROOT = iphoneos;
				SWIFT_COMPILATION_MODE = wholemodule;
				SWIFT_OPTIMIZATION_LEVEL = "-O";
				VALIDATE_PRODUCT = YES;
			};
			name = Release;
		};
		22FD09D9298C30CC0020F22D /* Debug */ = {
			isa = XCBuildConfiguration;
			buildSettings = {
				ASSETCATALOG_COMPILER_APPICON_NAME = AppIcon;
				ASSETCATALOG_COMPILER_GLOBAL_ACCENT_COLOR_NAME = AccentColor;
				CODE_SIGN_STYLE = Automatic;
				CURRENT_PROJECT_VERSION = 1;
				DEVELOPMENT_TEAM = 2V4848U2LJ;
				GENERATE_INFOPLIST_FILE = YES;
				INFOPLIST_FILE = RickAndMorty/Info.plist;
				INFOPLIST_KEY_UIApplicationSupportsIndirectInputEvents = YES;
				INFOPLIST_KEY_UILaunchStoryboardName = LaunchScreen;
				INFOPLIST_KEY_UISupportedInterfaceOrientations_iPad = "UIInterfaceOrientationPortrait UIInterfaceOrientationPortraitUpsideDown UIInterfaceOrientationLandscapeLeft UIInterfaceOrientationLandscapeRight";
				INFOPLIST_KEY_UISupportedInterfaceOrientations_iPhone = "UIInterfaceOrientationPortrait UIInterfaceOrientationLandscapeLeft UIInterfaceOrientationLandscapeRight";
				LD_RUNPATH_SEARCH_PATHS = (
					"$(inherited)",
					"@executable_path/Frameworks",
				);
				MARKETING_VERSION = 1.0;
				PRODUCT_BUNDLE_IDENTIFIER = com.saytoonz.RickAndMorty;
				PRODUCT_NAME = "$(TARGET_NAME)";
				SWIFT_EMIT_LOC_STRINGS = YES;
				SWIFT_VERSION = 5.0;
				TARGETED_DEVICE_FAMILY = "1,2";
			};
			name = Debug;
		};
		22FD09DA298C30CC0020F22D /* Release */ = {
			isa = XCBuildConfiguration;
			buildSettings = {
				ASSETCATALOG_COMPILER_APPICON_NAME = AppIcon;
				ASSETCATALOG_COMPILER_GLOBAL_ACCENT_COLOR_NAME = AccentColor;
				CODE_SIGN_STYLE = Automatic;
				CURRENT_PROJECT_VERSION = 1;
				DEVELOPMENT_TEAM = 2V4848U2LJ;
				GENERATE_INFOPLIST_FILE = YES;
				INFOPLIST_FILE = RickAndMorty/Info.plist;
				INFOPLIST_KEY_UIApplicationSupportsIndirectInputEvents = YES;
				INFOPLIST_KEY_UILaunchStoryboardName = LaunchScreen;
				INFOPLIST_KEY_UISupportedInterfaceOrientations_iPad = "UIInterfaceOrientationPortrait UIInterfaceOrientationPortraitUpsideDown UIInterfaceOrientationLandscapeLeft UIInterfaceOrientationLandscapeRight";
				INFOPLIST_KEY_UISupportedInterfaceOrientations_iPhone = "UIInterfaceOrientationPortrait UIInterfaceOrientationLandscapeLeft UIInterfaceOrientationLandscapeRight";
				LD_RUNPATH_SEARCH_PATHS = (
					"$(inherited)",
					"@executable_path/Frameworks",
				);
				MARKETING_VERSION = 1.0;
				PRODUCT_BUNDLE_IDENTIFIER = com.saytoonz.RickAndMorty;
				PRODUCT_NAME = "$(TARGET_NAME)";
				SWIFT_EMIT_LOC_STRINGS = YES;
				SWIFT_VERSION = 5.0;
				TARGETED_DEVICE_FAMILY = "1,2";
			};
			name = Release;
		};
/* End XCBuildConfiguration section */

/* Begin XCConfigurationList section */
		22FD09BF298C30CA0020F22D /* Build configuration list for PBXProject "RickAndMorty" */ = {
			isa = XCConfigurationList;
			buildConfigurations = (
				22FD09D6298C30CC0020F22D /* Debug */,
				22FD09D7298C30CC0020F22D /* Release */,
			);
			defaultConfigurationIsVisible = 0;
			defaultConfigurationName = Release;
		};
		22FD09D8298C30CC0020F22D /* Build configuration list for PBXNativeTarget "RickAndMorty" */ = {
			isa = XCConfigurationList;
			buildConfigurations = (
				22FD09D9298C30CC0020F22D /* Debug */,
				22FD09DA298C30CC0020F22D /* Release */,
			);
			defaultConfigurationIsVisible = 0;
			defaultConfigurationName = Release;
		};
/* End XCConfigurationList section */
	};
	rootObject = 22FD09BC298C30CA0020F22D /* Project object */;
}
